{
    "_readme": [
        "This file locks the dependencies of your project to a known state",
        "Read more about it at https://getcomposer.org/doc/01-basic-usage.md#composer-lock-the-lock-file",
        "This file is @generated automatically"
    ],
    "hash": "a6afcd4cf8e2288a6ee6b4bdbf2f8031",
    "content-hash": "64185cbb1f8497b1ab39bb23fcff96bd",
    "packages": [
        {
            "name": "mailin-api/mailin-api-php",
            "version": "v1.0.2",
            "source": {
                "type": "git",
                "url": "https://github.com/mailin-api/mailin-api-php.git",
                "reference": "ee0ce5b75771e07c0b282b28ee9f667ca5c781d6"
            },
            "dist": {
                "type": "zip",
                "url": "https://api.github.com/repos/mailin-api/mailin-api-php/zipball/ee0ce5b75771e07c0b282b28ee9f667ca5c781d6",
                "reference": "ee0ce5b75771e07c0b282b28ee9f667ca5c781d6",
                "shasum": ""
            },
            "require": {
                "php": ">=5.3"
            },
            "type": "library",
            "extra": {
                "branch-alias": {
                    "dev-master": "1.0.x-dev"
                }
            },
            "autoload": {
                "psr-0": {
                    "Sendinblue": "src/"
                }
            },
            "notification-url": "https://packagist.org/downloads/",
            "license": [
                "MIT"
            ],
            "authors": [
                {
                    "name": "SendinBlue",
                    "homepage": "https://www.sendinblue.com/"
                }
            ],
            "description": "Official SendinBlue provided API V2 wrapper",
            "homepage": "https://github.com/mailin-api/mailin-api-php",
            "time": "2016-02-26 08:48:44"
        },
        {
            "name": "phpclasses/phpresolver",
            "version": "1.0.1",
            "dist": {
                "type": "zip",
                "url": "https://www.phpclasses.org/install/package/phpresolver.zip",
                "reference": null,
                "shasum": null
            },
            "type": "library",
            "autoload": {
                "classmap": [
                    "DNS.php",
                    "rrcompat.php"
                ]
            }
        },
        {
            "name": "phpclasses/sasl",
            "version": "1.0.0",
            "dist": {
                "type": "zip",
                "url": "https://www.phpclasses.org/install/package/sasl.zip",
                "reference": null,
                "shasum": null
            },
            "type": "library",
            "autoload": {
                "classmap": [
                    "sasl.php",
                    "plain_sasl_client.php",
                    "login_sasl_client.php",
                    "cram_md5_sasl_client.php",
                    "ntlm_sasl_client.php",
                    "basic_sasl_client.php",
                    "digest_sasl_client.php"
                ]
            }
        },
        {
            "name": "phpclasses/smtpclass",
            "version": "1.0.3",
            "dist": {
                "type": "zip",
                "url": "https://www.phpclasses.org/install/package/smtpclass.zip",
                "reference": null,
                "shasum": null
            },
            "require": {
                "phpclasses/phpresolver": "1.0.1",
                "phpclasses/sasl": ">=1.0.0"
            },
            "type": "library",
            "autoload": {
                "classmap": [
                    "smtp.php"
                ]
            }
        }
    ],
    "packages-dev": [],
    "aliases": [],
    "minimum-stability": "stable",
    "stability-flags": [],
    "prefer-stable": false,
    "prefer-lowest": false,
    "platform": [],
    "platform-dev": []
}
