{
    "_readme": [
        "This file locks the dependencies of your project to a known state",
        "Read more about it at https://getcomposer.org/doc/01-basic-usage.md#composer-lock-the-lock-file",
        "This file is @generated automatically"
    ],
    "hash": "72e74b3dea68880c91a0304033334a53",
    "content-hash": "62a91e6012e56fabf2df89714761df7f",
    "packages": [
        {
            "name": "phpclasses/phpresolver",
            "version": "1.0.1",
            "dist": {
                "type": "zip",
                "url": "https://www.phpclasses.org/install/package/phpresolver.zip",
                "reference": null,
                "shasum": null
            },
            "type": "library",
            "autoload": {
                "classmap": [
                    "DNS.php",
                    "rrcompat.php"
                ]
            }
        },
        {
            "name": "phpclasses/sasl",
            "version": "1.0.0",
            "dist": {
                "type": "zip",
                "url": "https://www.phpclasses.org/install/package/sasl.zip",
                "reference": null,
                "shasum": null
            },
            "type": "library",
            "autoload": {
                "classmap": [
                    "sasl.php",
                    "plain_sasl_client.php",
                    "login_sasl_client.php",
                    "cram_md5_sasl_client.php",
                    "ntlm_sasl_client.php",
                    "basic_sasl_client.php",
                    "digest_sasl_client.php"
                ]
            }
        },
        {
            "name": "phpclasses/smtpclass",
            "version": "1.0.3",
            "dist": {
                "type": "zip",
                "url": "https://www.phpclasses.org/install/package/smtpclass.zip",
                "reference": null,
                "shasum": null
            },
            "require": {
                "phpclasses/phpresolver": "1.0.1",
                "phpclasses/sasl": ">=1.0.0"
            },
            "type": "library",
            "autoload": {
                "classmap": [
                    "smtp.php"
                ]
            }
        }
    ],
    "packages-dev": [],
    "aliases": [],
    "minimum-stability": "stable",
    "stability-flags": [],
    "prefer-stable": false,
    "prefer-lowest": false,
    "platform": [],
    "platform-dev": []
}
